PODS:
  - Flutter (1.0.0)
  - mobile_scanner (7.0.0):
    - Flutter
    - FlutterMacOS
  - print_bluetooth_thermal (0.0.1):
    - Flutter
  - shared_preferences_foundation (0.0.1):
    - Flutter
    - FlutterMacOS
  - url_launcher_ios (0.0.1):
    - Flutter

DEPENDENCIES:
  - Flutter (from `Flutter`)
  - mobile_scanner (from `.symlinks/plugins/mobile_scanner/darwin`)
  - print_bluetooth_thermal (from `.symlinks/plugins/print_bluetooth_thermal/ios`)
  - shared_preferences_foundation (from `.symlinks/plugins/shared_preferences_foundation/darwin`)
  - url_launcher_ios (from `.symlinks/plugins/url_launcher_ios/ios`)

EXTERNAL SOURCES:
  Flutter:
    :path: Flutter
  mobile_scanner:
    :path: ".symlinks/plugins/mobile_scanner/darwin"
  print_bluetooth_thermal:
    :path: ".symlinks/plugins/print_bluetooth_thermal/ios"
  shared_preferences_foundation:
    :path: ".symlinks/plugins/shared_preferences_foundation/darwin"
  url_launcher_ios:
    :path: ".symlinks/plugins/url_launcher_ios/ios"

SPEC CHECKSUMS:
  Flutter: cabc95a1d2626b1b06e7179b784ebcf0c0cde467
  mobile_scanner: 9157936403f5a0644ca3779a38ff8404c5434a93
  print_bluetooth_thermal: 107a8766575107295e9d343a7389c78a1cb9dc63
  shared_preferences_foundation: 7036424c3d8ec98dfe75ff1667cb0cd531ec82bb
  url_launcher_ios: 7a95fa5b60cc718a708b8f2966718e93db0cef1b

PODFILE CHECKSUM: 3c63482e143d1b91d2d2560aee9fb04ecc74ac7e

COCOAPODS: 1.16.2
